PODS:
  - BarcodeHero/Core (0.3.2)
  - BarcodeHero/UI (0.3.2):
    - BarcodeHero/Core

DEPENDENCIES:
  - BarcodeHero/Core (from `./BarcodeHero.podspec`)
  - BarcodeHero/UI (from `./BarcodeHero.podspec`)

EXTERNAL SOURCES:
  BarcodeHero:
    :path: "./BarcodeHero.podspec"

SPEC CHECKSUMS:
  BarcodeHero: 24d4f2c825b939c24678cf3ec176ce1437914131

PODFILE CHECKSUM: 3f75c4fe7cd2d04035021143c6f774d162f85cff

COCOAPODS: 1.6.2
